{
  "requires": true,
  "lockfileVersion": 1,
  "dependencies": {
    "@smartcar/auth": {
      "version": "2.1.1",
      "resolved": "https://registry.npmjs.org/@smartcar/auth/-/auth-2.1.1.tgz",
      "integrity": "sha512-W1hY//O96TtFMkPrBTv04auALNtd/WhZDpUx+Lq/M3OP8Ato6dw4SFZ+hU0M1ZMR1u2WkZV3YsKBYVHq8X430g=="
    }
  }
}
